
Microsoft Visual Studio Solution File, Format Version 12.00
# Visual Studio 2013
VisualStudioVersion = 12.0.31101.0
MinimumVisualStudioVersion = 10.0.40219.1
Project("{FAE04EC0-301F-11D3-BF4B-00C04F79EFBC}") = "XamApp2.Droid", "XamApp2\XamApp2.Droid\XamApp2.Droid.csproj", "{16D65EA8-975C-4BCF-B422-B9D256DA73FF}"
EndProject
Project("{FAE04EC0-301F-11D3-BF4B-00C04F79EFBC}") = "XamApp2.iOS", "XamApp2\XamApp2.iOS\XamApp2.iOS.csproj", "{AAABC8FF-E335-461B-AA3B-5CACF5BB426E}"
EndProject
Project("{FAE04EC0-301F-11D3-BF4B-00C04F79EFBC}") = "XamApp2.WinPhone", "XamApp2\XamApp2.WinPhone\XamApp2.WinPhone.csproj", "{CADD5130-FD70-4D38-8C70-10FDBA0FE96E}"
EndProject
Project("{FAE04EC0-301F-11D3-BF4B-00C04F79EFBC}") = "XamApp2", "XamApp2\XamApp2\XamApp2.csproj", "{01048A96-7ECB-4A44-8C40-D5220763174E}"
EndProject
Global
	GlobalSection(SolutionConfigurationPlatforms) = preSolution
		Ad-Hoc|Any CPU = Ad-Hoc|Any CPU
		Ad-Hoc|ARM = Ad-Hoc|ARM
		Ad-Hoc|iPhone = Ad-Hoc|iPhone
		Ad-Hoc|iPhoneSimulator = Ad-Hoc|iPhoneSimulator
		Ad-Hoc|Mixed Platforms = Ad-Hoc|Mixed Platforms
		Ad-Hoc|x86 = Ad-Hoc|x86
		AppStore|Any CPU = AppStore|Any CPU
		AppStore|ARM = AppStore|ARM
		AppStore|iPhone = AppStore|iPhone
		AppStore|iPhoneSimulator = AppStore|iPhoneSimulator
		AppStore|Mixed Platforms = AppStore|Mixed Platforms
		AppStore|x86 = AppStore|x86
		Debug|Any CPU = Debug|Any CPU
		Debug|ARM = Debug|ARM
		Debug|iPhone = Debug|iPhone
		Debug|iPhoneSimulator = Debug|iPhoneSimulator
		Debug|Mixed Platforms = Debug|Mixed Platforms
		Debug|x86 = Debug|x86
		Release|Any CPU = Release|Any CPU
		Release|ARM = Release|ARM
		Release|iPhone = Release|iPhone
		Release|iPhoneSimulator = Release|iPhoneSimulator
		Release|Mixed Platforms = Release|Mixed Platforms
		Release|x86 = Release|x86
	EndGlobalSection
	GlobalSection(ProjectConfigurationPlatforms) = postSolution
		{16D65EA8-975C-4BCF-B422-B9D256DA73FF}.Ad-Hoc|Any CPU.ActiveCfg = Release|Any CPU
		{16D65EA8-975C-4BCF-B422-B9D256DA73FF}.Ad-Hoc|Any CPU.Build.0 = Release|Any CPU
		{16D65EA8-975C-4BCF-B422-B9D256DA73FF}.Ad-Hoc|Any CPU.Deploy.0 = Release|Any CPU
		{16D65EA8-975C-4BCF-B422-B9D256DA73FF}.Ad-Hoc|ARM.ActiveCfg = Release|Any CPU
		{16D65EA8-975C-4BCF-B422-B9D256DA73FF}.Ad-Hoc|iPhone.ActiveCfg = Release|Any CPU
		{16D65EA8-975C-4BCF-B422-B9D256DA73FF}.Ad-Hoc|iPhoneSimulator.ActiveCfg = Release|Any CPU
		{16D65EA8-975C-4BCF-B422-B9D256DA73FF}.Ad-Hoc|Mixed Platforms.ActiveCfg = Release|Any CPU
		{16D65EA8-975C-4BCF-B422-B9D256DA73FF}.Ad-Hoc|Mixed Platforms.Build.0 = Release|Any CPU
		{16D65EA8-975C-4BCF-B422-B9D256DA73FF}.Ad-Hoc|Mixed Platforms.Deploy.0 = Release|Any CPU
		{16D65EA8-975C-4BCF-B422-B9D256DA73FF}.Ad-Hoc|x86.ActiveCfg = Release|Any CPU
		{16D65EA8-975C-4BCF-B422-B9D256DA73FF}.AppStore|Any CPU.ActiveCfg = Release|Any CPU
		{16D65EA8-975C-4BCF-B422-B9D256DA73FF}.AppStore|Any CPU.Build.0 = Release|Any CPU
		{16D65EA8-975C-4BCF-B422-B9D256DA73FF}.AppStore|Any CPU.Deploy.0 = Release|Any CPU
		{16D65EA8-975C-4BCF-B422-B9D256DA73FF}.AppStore|ARM.ActiveCfg = Release|Any CPU
		{16D65EA8-975C-4BCF-B422-B9D256DA73FF}.AppStore|iPhone.ActiveCfg = Release|Any CPU
		{16D65EA8-975C-4BCF-B422-B9D256DA73FF}.AppStore|iPhoneSimulator.ActiveCfg = Release|Any CPU
		{16D65EA8-975C-4BCF-B422-B9D256DA73FF}.AppStore|Mixed Platforms.ActiveCfg = Release|Any CPU
		{16D65EA8-975C-4BCF-B422-B9D256DA73FF}.AppStore|Mixed Platforms.Build.0 = Release|Any CPU
		{16D65EA8-975C-4BCF-B422-B9D256DA73FF}.AppStore|Mixed Platforms.Deploy.0 = Release|Any CPU
		{16D65EA8-975C-4BCF-B422-B9D256DA73FF}.AppStore|x86.ActiveCfg = Release|Any CPU
		{16D65EA8-975C-4BCF-B422-B9D256DA73FF}.Debug|Any CPU.ActiveCfg = Debug|Any CPU
		{16D65EA8-975C-4BCF-B422-B9D256DA73FF}.Debug|Any CPU.Build.0 = Debug|Any CPU
		{16D65EA8-975C-4BCF-B422-B9D256DA73FF}.Debug|Any CPU.Deploy.0 = Debug|Any CPU
		{16D65EA8-975C-4BCF-B422-B9D256DA73FF}.Debug|ARM.ActiveCfg = Debug|Any CPU
		{16D65EA8-975C-4BCF-B422-B9D256DA73FF}.Debug|iPhone.ActiveCfg = Debug|Any CPU
		{16D65EA8-975C-4BCF-B422-B9D256DA73FF}.Debug|iPhoneSimulator.ActiveCfg = Debug|Any CPU
		{16D65EA8-975C-4BCF-B422-B9D256DA73FF}.Debug|Mixed Platforms.ActiveCfg = Debug|Any CPU
		{16D65EA8-975C-4BCF-B422-B9D256DA73FF}.Debug|Mixed Platforms.Build.0 = Debug|Any CPU
		{16D65EA8-975C-4BCF-B422-B9D256DA73FF}.Debug|Mixed Platforms.Deploy.0 = Debug|Any CPU
		{16D65EA8-975C-4BCF-B422-B9D256DA73FF}.Debug|x86.ActiveCfg = Debug|Any CPU
		{16D65EA8-975C-4BCF-B422-B9D256DA73FF}.Release|Any CPU.ActiveCfg = Release|Any CPU
		{16D65EA8-975C-4BCF-B422-B9D256DA73FF}.Release|Any CPU.Build.0 = Release|Any CPU
		{16D65EA8-975C-4BCF-B422-B9D256DA73FF}.Release|Any CPU.Deploy.0 = Release|Any CPU
		{16D65EA8-975C-4BCF-B422-B9D256DA73FF}.Release|ARM.ActiveCfg = Release|Any CPU
		{16D65EA8-975C-4BCF-B422-B9D256DA73FF}.Release|iPhone.ActiveCfg = Release|Any CPU
		{16D65EA8-975C-4BCF-B422-B9D256DA73FF}.Release|iPhoneSimulator.ActiveCfg = Release|Any CPU
		{16D65EA8-975C-4BCF-B422-B9D256DA73FF}.Release|Mixed Platforms.ActiveCfg = Release|Any CPU
		{16D65EA8-975C-4BCF-B422-B9D256DA73FF}.Release|Mixed Platforms.Build.0 = Release|Any CPU
		{16D65EA8-975C-4BCF-B422-B9D256DA73FF}.Release|Mixed Platforms.Deploy.0 = Release|Any CPU
		{16D65EA8-975C-4BCF-B422-B9D256DA73FF}.Release|x86.ActiveCfg = Release|Any CPU
		{AAABC8FF-E335-461B-AA3B-5CACF5BB426E}.Ad-Hoc|Any CPU.ActiveCfg = Ad-Hoc|iPhone
		{AAABC8FF-E335-461B-AA3B-5CACF5BB426E}.Ad-Hoc|ARM.ActiveCfg = Ad-Hoc|iPhone
		{AAABC8FF-E335-461B-AA3B-5CACF5BB426E}.Ad-Hoc|iPhone.ActiveCfg = Ad-Hoc|iPhone
		{AAABC8FF-E335-461B-AA3B-5CACF5BB426E}.Ad-Hoc|iPhone.Build.0 = Ad-Hoc|iPhone
		{AAABC8FF-E335-461B-AA3B-5CACF5BB426E}.Ad-Hoc|iPhoneSimulator.ActiveCfg = Ad-Hoc|iPhoneSimulator
		{AAABC8FF-E335-461B-AA3B-5CACF5BB426E}.Ad-Hoc|iPhoneSimulator.Build.0 = Ad-Hoc|iPhoneSimulator
		{AAABC8FF-E335-461B-AA3B-5CACF5BB426E}.Ad-Hoc|Mixed Platforms.ActiveCfg = Ad-Hoc|iPhone
		{AAABC8FF-E335-461B-AA3B-5CACF5BB426E}.Ad-Hoc|Mixed Platforms.Build.0 = Ad-Hoc|iPhone
		{AAABC8FF-E335-461B-AA3B-5CACF5BB426E}.Ad-Hoc|x86.ActiveCfg = Ad-Hoc|iPhone
		{AAABC8FF-E335-461B-AA3B-5CACF5BB426E}.AppStore|Any CPU.ActiveCfg = AppStore|iPhone
		{AAABC8FF-E335-461B-AA3B-5CACF5BB426E}.AppStore|ARM.ActiveCfg = AppStore|iPhone
		{AAABC8FF-E335-461B-AA3B-5CACF5BB426E}.AppStore|iPhone.ActiveCfg = AppStore|iPhone
		{AAABC8FF-E335-461B-AA3B-5CACF5BB426E}.AppStore|iPhone.Build.0 = AppStore|iPhone
		{AAABC8FF-E335-461B-AA3B-5CACF5BB426E}.AppStore|iPhoneSimulator.ActiveCfg = AppStore|iPhoneSimulator
		{AAABC8FF-E335-461B-AA3B-5CACF5BB426E}.AppStore|iPhoneSimulator.Build.0 = AppStore|iPhoneSimulator
		{AAABC8FF-E335-461B-AA3B-5CACF5BB426E}.AppStore|Mixed Platforms.ActiveCfg = AppStore|iPhone
		{AAABC8FF-E335-461B-AA3B-5CACF5BB426E}.AppStore|Mixed Platforms.Build.0 = AppStore|iPhone
		{AAABC8FF-E335-461B-AA3B-5CACF5BB426E}.AppStore|x86.ActiveCfg = AppStore|iPhone
		{AAABC8FF-E335-461B-AA3B-5CACF5BB426E}.Debug|Any CPU.ActiveCfg = Debug|iPhone
		{AAABC8FF-E335-461B-AA3B-5CACF5BB426E}.Debug|ARM.ActiveCfg = Debug|iPhone
		{AAABC8FF-E335-461B-AA3B-5CACF5BB426E}.Debug|iPhone.ActiveCfg = Debug|iPhone
		{AAABC8FF-E335-461B-AA3B-5CACF5BB426E}.Debug|iPhone.Build.0 = Debug|iPhone
		{AAABC8FF-E335-461B-AA3B-5CACF5BB426E}.Debug|iPhoneSimulator.ActiveCfg = Debug|iPhoneSimulator
		{AAABC8FF-E335-461B-AA3B-5CACF5BB426E}.Debug|iPhoneSimulator.Build.0 = Debug|iPhoneSimulator
		{AAABC8FF-E335-461B-AA3B-5CACF5BB426E}.Debug|Mixed Platforms.ActiveCfg = Debug|iPhone
		{AAABC8FF-E335-461B-AA3B-5CACF5BB426E}.Debug|Mixed Platforms.Build.0 = Debug|iPhone
		{AAABC8FF-E335-461B-AA3B-5CACF5BB426E}.Debug|x86.ActiveCfg = Debug|iPhone
		{AAABC8FF-E335-461B-AA3B-5CACF5BB426E}.Release|Any CPU.ActiveCfg = Release|iPhone
		{AAABC8FF-E335-461B-AA3B-5CACF5BB426E}.Release|ARM.ActiveCfg = Release|iPhone
		{AAABC8FF-E335-461B-AA3B-5CACF5BB426E}.Release|iPhone.ActiveCfg = Release|iPhone
		{AAABC8FF-E335-461B-AA3B-5CACF5BB426E}.Release|iPhone.Build.0 = Release|iPhone
		{AAABC8FF-E335-461B-AA3B-5CACF5BB426E}.Release|iPhoneSimulator.ActiveCfg = Release|iPhoneSimulator
		{AAABC8FF-E335-461B-AA3B-5CACF5BB426E}.Release|iPhoneSimulator.Build.0 = Release|iPhoneSimulator
		{AAABC8FF-E335-461B-AA3B-5CACF5BB426E}.Release|Mixed Platforms.ActiveCfg = Release|iPhone
		{AAABC8FF-E335-461B-AA3B-5CACF5BB426E}.Release|Mixed Platforms.Build.0 = Release|iPhone
		{AAABC8FF-E335-461B-AA3B-5CACF5BB426E}.Release|x86.ActiveCfg = Release|iPhone
		{CADD5130-FD70-4D38-8C70-10FDBA0FE96E}.Ad-Hoc|Any CPU.ActiveCfg = Release|Any CPU
		{CADD5130-FD70-4D38-8C70-10FDBA0FE96E}.Ad-Hoc|Any CPU.Build.0 = Release|Any CPU
		{CADD5130-FD70-4D38-8C70-10FDBA0FE96E}.Ad-Hoc|Any CPU.Deploy.0 = Release|Any CPU
		{CADD5130-FD70-4D38-8C70-10FDBA0FE96E}.Ad-Hoc|ARM.ActiveCfg = Release|ARM
		{CADD5130-FD70-4D38-8C70-10FDBA0FE96E}.Ad-Hoc|ARM.Build.0 = Release|ARM
		{CADD5130-FD70-4D38-8C70-10FDBA0FE96E}.Ad-Hoc|ARM.Deploy.0 = Release|ARM
		{CADD5130-FD70-4D38-8C70-10FDBA0FE96E}.Ad-Hoc|iPhone.ActiveCfg = Release|Any CPU
		{CADD5130-FD70-4D38-8C70-10FDBA0FE96E}.Ad-Hoc|iPhoneSimulator.ActiveCfg = Release|Any CPU
		{CADD5130-FD70-4D38-8C70-10FDBA0FE96E}.Ad-Hoc|Mixed Platforms.ActiveCfg = Release|x86
		{CADD5130-FD70-4D38-8C70-10FDBA0FE96E}.Ad-Hoc|Mixed Platforms.Build.0 = Release|x86
		{CADD5130-FD70-4D38-8C70-10FDBA0FE96E}.Ad-Hoc|Mixed Platforms.Deploy.0 = Release|x86
		{CADD5130-FD70-4D38-8C70-10FDBA0FE96E}.Ad-Hoc|x86.ActiveCfg = Release|x86
		{CADD5130-FD70-4D38-8C70-10FDBA0FE96E}.Ad-Hoc|x86.Build.0 = Release|x86
		{CADD5130-FD70-4D38-8C70-10FDBA0FE96E}.Ad-Hoc|x86.Deploy.0 = Release|x86
		{CADD5130-FD70-4D38-8C70-10FDBA0FE96E}.AppStore|Any CPU.ActiveCfg = Release|Any CPU
		{CADD5130-FD70-4D38-8C70-10FDBA0FE96E}.AppStore|Any CPU.Build.0 = Release|Any CPU
		{CADD5130-FD70-4D38-8C70-10FDBA0FE96E}.AppStore|Any CPU.Deploy.0 = Release|Any CPU
		{CADD5130-FD70-4D38-8C70-10FDBA0FE96E}.AppStore|ARM.ActiveCfg = Release|ARM
		{CADD5130-FD70-4D38-8C70-10FDBA0FE96E}.AppStore|ARM.Build.0 = Release|ARM
		{CADD5130-FD70-4D38-8C70-10FDBA0FE96E}.AppStore|ARM.Deploy.0 = Release|ARM
		{CADD5130-FD70-4D38-8C70-10FDBA0FE96E}.AppStore|iPhone.ActiveCfg = Release|Any CPU
		{CADD5130-FD70-4D38-8C70-10FDBA0FE96E}.AppStore|iPhoneSimulator.ActiveCfg = Release|Any CPU
		{CADD5130-FD70-4D38-8C70-10FDBA0FE96E}.AppStore|Mixed Platforms.ActiveCfg = Release|x86
		{CADD5130-FD70-4D38-8C70-10FDBA0FE96E}.AppStore|Mixed Platforms.Build.0 = Release|x86
		{CADD5130-FD70-4D38-8C70-10FDBA0FE96E}.AppStore|Mixed Platforms.Deploy.0 = Release|x86
		{CADD5130-FD70-4D38-8C70-10FDBA0FE96E}.AppStore|x86.ActiveCfg = Release|x86
		{CADD5130-FD70-4D38-8C70-10FDBA0FE96E}.AppStore|x86.Build.0 = Release|x86
		{CADD5130-FD70-4D38-8C70-10FDBA0FE96E}.AppStore|x86.Deploy.0 = Release|x86
		{CADD5130-FD70-4D38-8C70-10FDBA0FE96E}.Debug|Any CPU.ActiveCfg = Debug|Any CPU
		{CADD5130-FD70-4D38-8C70-10FDBA0FE96E}.Debug|Any CPU.Build.0 = Debug|Any CPU
		{CADD5130-FD70-4D38-8C70-10FDBA0FE96E}.Debug|Any CPU.Deploy.0 = Debug|Any CPU
		{CADD5130-FD70-4D38-8C70-10FDBA0FE96E}.Debug|ARM.ActiveCfg = Debug|ARM
		{CADD5130-FD70-4D38-8C70-10FDBA0FE96E}.Debug|ARM.Build.0 = Debug|ARM
		{CADD5130-FD70-4D38-8C70-10FDBA0FE96E}.Debug|ARM.Deploy.0 = Debug|ARM
		{CADD5130-FD70-4D38-8C70-10FDBA0FE96E}.Debug|iPhone.ActiveCfg = Debug|Any CPU
		{CADD5130-FD70-4D38-8C70-10FDBA0FE96E}.Debug|iPhoneSimulator.ActiveCfg = Debug|Any CPU
		{CADD5130-FD70-4D38-8C70-10FDBA0FE96E}.Debug|Mixed Platforms.ActiveCfg = Debug|x86
		{CADD5130-FD70-4D38-8C70-10FDBA0FE96E}.Debug|Mixed Platforms.Build.0 = Debug|x86
		{CADD5130-FD70-4D38-8C70-10FDBA0FE96E}.Debug|Mixed Platforms.Deploy.0 = Debug|x86
		{CADD5130-FD70-4D38-8C70-10FDBA0FE96E}.Debug|x86.ActiveCfg = Debug|x86
		{CADD5130-FD70-4D38-8C70-10FDBA0FE96E}.Debug|x86.Build.0 = Debug|x86
		{CADD5130-FD70-4D38-8C70-10FDBA0FE96E}.Debug|x86.Deploy.0 = Debug|x86
		{CADD5130-FD70-4D38-8C70-10FDBA0FE96E}.Release|Any CPU.ActiveCfg = Release|Any CPU
		{CADD5130-FD70-4D38-8C70-10FDBA0FE96E}.Release|Any CPU.Build.0 = Release|Any CPU
		{CADD5130-FD70-4D38-8C70-10FDBA0FE96E}.Release|Any CPU.Deploy.0 = Release|Any CPU
		{CADD5130-FD70-4D38-8C70-10FDBA0FE96E}.Release|ARM.ActiveCfg = Release|ARM
		{CADD5130-FD70-4D38-8C70-10FDBA0FE96E}.Release|ARM.Build.0 = Release|ARM
		{CADD5130-FD70-4D38-8C70-10FDBA0FE96E}.Release|ARM.Deploy.0 = Release|ARM
		{CADD5130-FD70-4D38-8C70-10FDBA0FE96E}.Release|iPhone.ActiveCfg = Release|Any CPU
		{CADD5130-FD70-4D38-8C70-10FDBA0FE96E}.Release|iPhoneSimulator.ActiveCfg = Release|Any CPU
		{CADD5130-FD70-4D38-8C70-10FDBA0FE96E}.Release|Mixed Platforms.ActiveCfg = Release|x86
		{CADD5130-FD70-4D38-8C70-10FDBA0FE96E}.Release|Mixed Platforms.Build.0 = Release|x86
		{CADD5130-FD70-4D38-8C70-10FDBA0FE96E}.Release|Mixed Platforms.Deploy.0 = Release|x86
		{CADD5130-FD70-4D38-8C70-10FDBA0FE96E}.Release|x86.ActiveCfg = Release|x86
		{CADD5130-FD70-4D38-8C70-10FDBA0FE96E}.Release|x86.Build.0 = Release|x86
		{CADD5130-FD70-4D38-8C70-10FDBA0FE96E}.Release|x86.Deploy.0 = Release|x86
		{01048A96-7ECB-4A44-8C40-D5220763174E}.Ad-Hoc|Any CPU.ActiveCfg = Release|Any CPU
		{01048A96-7ECB-4A44-8C40-D5220763174E}.Ad-Hoc|Any CPU.Build.0 = Release|Any CPU
		{01048A96-7ECB-4A44-8C40-D5220763174E}.Ad-Hoc|ARM.ActiveCfg = Release|Any CPU
		{01048A96-7ECB-4A44-8C40-D5220763174E}.Ad-Hoc|iPhone.ActiveCfg = Release|Any CPU
		{01048A96-7ECB-4A44-8C40-D5220763174E}.Ad-Hoc|iPhone.Build.0 = Release|Any CPU
		{01048A96-7ECB-4A44-8C40-D5220763174E}.Ad-Hoc|iPhoneSimulator.ActiveCfg = Release|Any CPU
		{01048A96-7ECB-4A44-8C40-D5220763174E}.Ad-Hoc|iPhoneSimulator.Build.0 = Release|Any CPU
		{01048A96-7ECB-4A44-8C40-D5220763174E}.Ad-Hoc|Mixed Platforms.ActiveCfg = Release|Any CPU
		{01048A96-7ECB-4A44-8C40-D5220763174E}.Ad-Hoc|Mixed Platforms.Build.0 = Release|Any CPU
		{01048A96-7ECB-4A44-8C40-D5220763174E}.Ad-Hoc|x86.ActiveCfg = Release|Any CPU
		{01048A96-7ECB-4A44-8C40-D5220763174E}.AppStore|Any CPU.ActiveCfg = Release|Any CPU
		{01048A96-7ECB-4A44-8C40-D5220763174E}.AppStore|Any CPU.Build.0 = Release|Any CPU
		{01048A96-7ECB-4A44-8C40-D5220763174E}.AppStore|ARM.ActiveCfg = Release|Any CPU
		{01048A96-7ECB-4A44-8C40-D5220763174E}.AppStore|iPhone.ActiveCfg = Release|Any CPU
		{01048A96-7ECB-4A44-8C40-D5220763174E}.AppStore|iPhone.Build.0 = Release|Any CPU
		{01048A96-7ECB-4A44-8C40-D5220763174E}.AppStore|iPhoneSimulator.ActiveCfg = Release|Any CPU
		{01048A96-7ECB-4A44-8C40-D5220763174E}.AppStore|iPhoneSimulator.Build.0 = Release|Any CPU
		{01048A96-7ECB-4A44-8C40-D5220763174E}.AppStore|Mixed Platforms.ActiveCfg = Release|Any CPU
		{01048A96-7ECB-4A44-8C40-D5220763174E}.AppStore|Mixed Platforms.Build.0 = Release|Any CPU
		{01048A96-7ECB-4A44-8C40-D5220763174E}.AppStore|x86.ActiveCfg = Release|Any CPU
		{01048A96-7ECB-4A44-8C40-D5220763174E}.Debug|Any CPU.ActiveCfg = Debug|Any CPU
		{01048A96-7ECB-4A44-8C40-D5220763174E}.Debug|Any CPU.Build.0 = Debug|Any CPU
		{01048A96-7ECB-4A44-8C40-D5220763174E}.Debug|ARM.ActiveCfg = Debug|Any CPU
		{01048A96-7ECB-4A44-8C40-D5220763174E}.Debug|iPhone.ActiveCfg = Debug|Any CPU
		{01048A96-7ECB-4A44-8C40-D5220763174E}.Debug|iPhone.Build.0 = Debug|Any CPU
		{01048A96-7ECB-4A44-8C40-D5220763174E}.Debug|iPhoneSimulator.ActiveCfg = Debug|Any CPU
		{01048A96-7ECB-4A44-8C40-D5220763174E}.Debug|iPhoneSimulator.Build.0 = Debug|Any CPU
		{01048A96-7ECB-4A44-8C40-D5220763174E}.Debug|Mixed Platforms.ActiveCfg = Debug|Any CPU
		{01048A96-7ECB-4A44-8C40-D5220763174E}.Debug|Mixed Platforms.Build.0 = Debug|Any CPU
		{01048A96-7ECB-4A44-8C40-D5220763174E}.Debug|x86.ActiveCfg = Debug|Any CPU
		{01048A96-7ECB-4A44-8C40-D5220763174E}.Release|Any CPU.ActiveCfg = Release|Any CPU
		{01048A96-7ECB-4A44-8C40-D5220763174E}.Release|Any CPU.Build.0 = Release|Any CPU
		{01048A96-7ECB-4A44-8C40-D5220763174E}.Release|ARM.ActiveCfg = Release|Any CPU
		{01048A96-7ECB-4A44-8C40-D5220763174E}.Release|iPhone.ActiveCfg = Release|Any CPU
		{01048A96-7ECB-4A44-8C40-D5220763174E}.Release|iPhone.Build.0 = Release|Any CPU
		{01048A96-7ECB-4A44-8C40-D5220763174E}.Release|iPhoneSimulator.ActiveCfg = Release|Any CPU
		{01048A96-7ECB-4A44-8C40-D5220763174E}.Release|iPhoneSimulator.Build.0 = Release|Any CPU
		{01048A96-7ECB-4A44-8C40-D5220763174E}.Release|Mixed Platforms.ActiveCfg = Release|Any CPU
		{01048A96-7ECB-4A44-8C40-D5220763174E}.Release|Mixed Platforms.Build.0 = Release|Any CPU
		{01048A96-7ECB-4A44-8C40-D5220763174E}.Release|x86.ActiveCfg = Release|Any CPU
	EndGlobalSection
	GlobalSection(SolutionProperties) = preSolution
		HideSolutionNode = FALSE
	EndGlobalSection
EndGlobal
