
Microsoft Visual Studio Solution File, Format Version 12.00
# Visual Studio 2012
Project("{FAE04EC0-301F-11D3-BF4B-00C04F79EFBC}") = "RestoCore", "RestoCore\RestoCore.csproj", "{CCDC3429-FA63-4050-8985-B8EC82F40164}"
EndProject
Global
	GlobalSection(SolutionConfigurationPlatforms) = preSolution
		Debug|Any CPU = Debug|Any CPU
		Release|Any CPU = Release|Any CPU
	EndGlobalSection
	GlobalSection(ProjectConfigurationPlatforms) = postSolution
		{CCDC3429-FA63-4050-8985-B8EC82F40164}.Debug|Any CPU.ActiveCfg = Debug|Any CPU
		{CCDC3429-FA63-4050-8985-B8EC82F40164}.Debug|Any CPU.Build.0 = Debug|Any CPU
		{CCDC3429-FA63-4050-8985-B8EC82F40164}.Release|Any CPU.ActiveCfg = Release|Any CPU
		{CCDC3429-FA63-4050-8985-B8EC82F40164}.Release|Any CPU.Build.0 = Release|Any CPU
	EndGlobalSection
EndGlobal
