
Microsoft Visual Studio Solution File, Format Version 12.00
# Visual Studio 2013
VisualStudioVersion = 12.0.31101.0
MinimumVisualStudioVersion = 10.0.40219.1
Project("{FAE04EC0-301F-11D3-BF4B-00C04F79EFBC}") = "EmployeeV2.Droid", "EmployeeV2\EmployeeV2.Droid\EmployeeV2.Droid.csproj", "{ABA2087F-B9DB-49E5-9AB5-BAD688A3BE60}"
EndProject
Project("{FAE04EC0-301F-11D3-BF4B-00C04F79EFBC}") = "EmployeeV2.iOS", "EmployeeV2\EmployeeV2.iOS\EmployeeV2.iOS.csproj", "{B2BF1DA5-0250-4662-AEEA-4A344B34D0DE}"
EndProject
Project("{FAE04EC0-301F-11D3-BF4B-00C04F79EFBC}") = "EmployeeV2.WinPhone", "EmployeeV2\EmployeeV2.WinPhone\EmployeeV2.WinPhone.csproj", "{C21DE1CA-61A5-495F-B92B-3628B67140AE}"
EndProject
Project("{FAE04EC0-301F-11D3-BF4B-00C04F79EFBC}") = "EmployeeV2", "EmployeeV2\EmployeeV2\EmployeeV2.csproj", "{65BD9E79-791B-40D0-99F6-A4491401B74F}"
EndProject
Global
	GlobalSection(SolutionConfigurationPlatforms) = preSolution
		Ad-Hoc|Any CPU = Ad-Hoc|Any CPU
		Ad-Hoc|ARM = Ad-Hoc|ARM
		Ad-Hoc|iPhone = Ad-Hoc|iPhone
		Ad-Hoc|iPhoneSimulator = Ad-Hoc|iPhoneSimulator
		Ad-Hoc|Mixed Platforms = Ad-Hoc|Mixed Platforms
		Ad-Hoc|x86 = Ad-Hoc|x86
		AppStore|Any CPU = AppStore|Any CPU
		AppStore|ARM = AppStore|ARM
		AppStore|iPhone = AppStore|iPhone
		AppStore|iPhoneSimulator = AppStore|iPhoneSimulator
		AppStore|Mixed Platforms = AppStore|Mixed Platforms
		AppStore|x86 = AppStore|x86
		Debug|Any CPU = Debug|Any CPU
		Debug|ARM = Debug|ARM
		Debug|iPhone = Debug|iPhone
		Debug|iPhoneSimulator = Debug|iPhoneSimulator
		Debug|Mixed Platforms = Debug|Mixed Platforms
		Debug|x86 = Debug|x86
		Release|Any CPU = Release|Any CPU
		Release|ARM = Release|ARM
		Release|iPhone = Release|iPhone
		Release|iPhoneSimulator = Release|iPhoneSimulator
		Release|Mixed Platforms = Release|Mixed Platforms
		Release|x86 = Release|x86
	EndGlobalSection
	GlobalSection(ProjectConfigurationPlatforms) = postSolution
		{ABA2087F-B9DB-49E5-9AB5-BAD688A3BE60}.Ad-Hoc|Any CPU.ActiveCfg = Release|Any CPU
		{ABA2087F-B9DB-49E5-9AB5-BAD688A3BE60}.Ad-Hoc|Any CPU.Build.0 = Release|Any CPU
		{ABA2087F-B9DB-49E5-9AB5-BAD688A3BE60}.Ad-Hoc|Any CPU.Deploy.0 = Release|Any CPU
		{ABA2087F-B9DB-49E5-9AB5-BAD688A3BE60}.Ad-Hoc|ARM.ActiveCfg = Release|Any CPU
		{ABA2087F-B9DB-49E5-9AB5-BAD688A3BE60}.Ad-Hoc|iPhone.ActiveCfg = Release|Any CPU
		{ABA2087F-B9DB-49E5-9AB5-BAD688A3BE60}.Ad-Hoc|iPhoneSimulator.ActiveCfg = Release|Any CPU
		{ABA2087F-B9DB-49E5-9AB5-BAD688A3BE60}.Ad-Hoc|Mixed Platforms.ActiveCfg = Release|Any CPU
		{ABA2087F-B9DB-49E5-9AB5-BAD688A3BE60}.Ad-Hoc|Mixed Platforms.Build.0 = Release|Any CPU
		{ABA2087F-B9DB-49E5-9AB5-BAD688A3BE60}.Ad-Hoc|Mixed Platforms.Deploy.0 = Release|Any CPU
		{ABA2087F-B9DB-49E5-9AB5-BAD688A3BE60}.Ad-Hoc|x86.ActiveCfg = Release|Any CPU
		{ABA2087F-B9DB-49E5-9AB5-BAD688A3BE60}.AppStore|Any CPU.ActiveCfg = Release|Any CPU
		{ABA2087F-B9DB-49E5-9AB5-BAD688A3BE60}.AppStore|Any CPU.Build.0 = Release|Any CPU
		{ABA2087F-B9DB-49E5-9AB5-BAD688A3BE60}.AppStore|Any CPU.Deploy.0 = Release|Any CPU
		{ABA2087F-B9DB-49E5-9AB5-BAD688A3BE60}.AppStore|ARM.ActiveCfg = Release|Any CPU
		{ABA2087F-B9DB-49E5-9AB5-BAD688A3BE60}.AppStore|iPhone.ActiveCfg = Release|Any CPU
		{ABA2087F-B9DB-49E5-9AB5-BAD688A3BE60}.AppStore|iPhoneSimulator.ActiveCfg = Release|Any CPU
		{ABA2087F-B9DB-49E5-9AB5-BAD688A3BE60}.AppStore|Mixed Platforms.ActiveCfg = Release|Any CPU
		{ABA2087F-B9DB-49E5-9AB5-BAD688A3BE60}.AppStore|Mixed Platforms.Build.0 = Release|Any CPU
		{ABA2087F-B9DB-49E5-9AB5-BAD688A3BE60}.AppStore|Mixed Platforms.Deploy.0 = Release|Any CPU
		{ABA2087F-B9DB-49E5-9AB5-BAD688A3BE60}.AppStore|x86.ActiveCfg = Release|Any CPU
		{ABA2087F-B9DB-49E5-9AB5-BAD688A3BE60}.Debug|Any CPU.ActiveCfg = Debug|Any CPU
		{ABA2087F-B9DB-49E5-9AB5-BAD688A3BE60}.Debug|Any CPU.Build.0 = Debug|Any CPU
		{ABA2087F-B9DB-49E5-9AB5-BAD688A3BE60}.Debug|Any CPU.Deploy.0 = Debug|Any CPU
		{ABA2087F-B9DB-49E5-9AB5-BAD688A3BE60}.Debug|ARM.ActiveCfg = Debug|Any CPU
		{ABA2087F-B9DB-49E5-9AB5-BAD688A3BE60}.Debug|iPhone.ActiveCfg = Debug|Any CPU
		{ABA2087F-B9DB-49E5-9AB5-BAD688A3BE60}.Debug|iPhoneSimulator.ActiveCfg = Debug|Any CPU
		{ABA2087F-B9DB-49E5-9AB5-BAD688A3BE60}.Debug|Mixed Platforms.ActiveCfg = Debug|Any CPU
		{ABA2087F-B9DB-49E5-9AB5-BAD688A3BE60}.Debug|Mixed Platforms.Build.0 = Debug|Any CPU
		{ABA2087F-B9DB-49E5-9AB5-BAD688A3BE60}.Debug|Mixed Platforms.Deploy.0 = Debug|Any CPU
		{ABA2087F-B9DB-49E5-9AB5-BAD688A3BE60}.Debug|x86.ActiveCfg = Debug|Any CPU
		{ABA2087F-B9DB-49E5-9AB5-BAD688A3BE60}.Release|Any CPU.ActiveCfg = Release|Any CPU
		{ABA2087F-B9DB-49E5-9AB5-BAD688A3BE60}.Release|Any CPU.Build.0 = Release|Any CPU
		{ABA2087F-B9DB-49E5-9AB5-BAD688A3BE60}.Release|Any CPU.Deploy.0 = Release|Any CPU
		{ABA2087F-B9DB-49E5-9AB5-BAD688A3BE60}.Release|ARM.ActiveCfg = Release|Any CPU
		{ABA2087F-B9DB-49E5-9AB5-BAD688A3BE60}.Release|iPhone.ActiveCfg = Release|Any CPU
		{ABA2087F-B9DB-49E5-9AB5-BAD688A3BE60}.Release|iPhoneSimulator.ActiveCfg = Release|Any CPU
		{ABA2087F-B9DB-49E5-9AB5-BAD688A3BE60}.Release|Mixed Platforms.ActiveCfg = Release|Any CPU
		{ABA2087F-B9DB-49E5-9AB5-BAD688A3BE60}.Release|Mixed Platforms.Build.0 = Release|Any CPU
		{ABA2087F-B9DB-49E5-9AB5-BAD688A3BE60}.Release|Mixed Platforms.Deploy.0 = Release|Any CPU
		{ABA2087F-B9DB-49E5-9AB5-BAD688A3BE60}.Release|x86.ActiveCfg = Release|Any CPU
		{B2BF1DA5-0250-4662-AEEA-4A344B34D0DE}.Ad-Hoc|Any CPU.ActiveCfg = Ad-Hoc|iPhone
		{B2BF1DA5-0250-4662-AEEA-4A344B34D0DE}.Ad-Hoc|ARM.ActiveCfg = Ad-Hoc|iPhone
		{B2BF1DA5-0250-4662-AEEA-4A344B34D0DE}.Ad-Hoc|iPhone.ActiveCfg = Ad-Hoc|iPhone
		{B2BF1DA5-0250-4662-AEEA-4A344B34D0DE}.Ad-Hoc|iPhone.Build.0 = Ad-Hoc|iPhone
		{B2BF1DA5-0250-4662-AEEA-4A344B34D0DE}.Ad-Hoc|iPhoneSimulator.ActiveCfg = Ad-Hoc|iPhoneSimulator
		{B2BF1DA5-0250-4662-AEEA-4A344B34D0DE}.Ad-Hoc|iPhoneSimulator.Build.0 = Ad-Hoc|iPhoneSimulator
		{B2BF1DA5-0250-4662-AEEA-4A344B34D0DE}.Ad-Hoc|Mixed Platforms.ActiveCfg = Ad-Hoc|iPhone
		{B2BF1DA5-0250-4662-AEEA-4A344B34D0DE}.Ad-Hoc|Mixed Platforms.Build.0 = Ad-Hoc|iPhone
		{B2BF1DA5-0250-4662-AEEA-4A344B34D0DE}.Ad-Hoc|x86.ActiveCfg = Ad-Hoc|iPhone
		{B2BF1DA5-0250-4662-AEEA-4A344B34D0DE}.AppStore|Any CPU.ActiveCfg = AppStore|iPhone
		{B2BF1DA5-0250-4662-AEEA-4A344B34D0DE}.AppStore|ARM.ActiveCfg = AppStore|iPhone
		{B2BF1DA5-0250-4662-AEEA-4A344B34D0DE}.AppStore|iPhone.ActiveCfg = AppStore|iPhone
		{B2BF1DA5-0250-4662-AEEA-4A344B34D0DE}.AppStore|iPhone.Build.0 = AppStore|iPhone
		{B2BF1DA5-0250-4662-AEEA-4A344B34D0DE}.AppStore|iPhoneSimulator.ActiveCfg = AppStore|iPhoneSimulator
		{B2BF1DA5-0250-4662-AEEA-4A344B34D0DE}.AppStore|iPhoneSimulator.Build.0 = AppStore|iPhoneSimulator
		{B2BF1DA5-0250-4662-AEEA-4A344B34D0DE}.AppStore|Mixed Platforms.ActiveCfg = AppStore|iPhone
		{B2BF1DA5-0250-4662-AEEA-4A344B34D0DE}.AppStore|Mixed Platforms.Build.0 = AppStore|iPhone
		{B2BF1DA5-0250-4662-AEEA-4A344B34D0DE}.AppStore|x86.ActiveCfg = AppStore|iPhone
		{B2BF1DA5-0250-4662-AEEA-4A344B34D0DE}.Debug|Any CPU.ActiveCfg = Debug|iPhone
		{B2BF1DA5-0250-4662-AEEA-4A344B34D0DE}.Debug|ARM.ActiveCfg = Debug|iPhone
		{B2BF1DA5-0250-4662-AEEA-4A344B34D0DE}.Debug|iPhone.ActiveCfg = Debug|iPhone
		{B2BF1DA5-0250-4662-AEEA-4A344B34D0DE}.Debug|iPhone.Build.0 = Debug|iPhone
		{B2BF1DA5-0250-4662-AEEA-4A344B34D0DE}.Debug|iPhoneSimulator.ActiveCfg = Debug|iPhoneSimulator
		{B2BF1DA5-0250-4662-AEEA-4A344B34D0DE}.Debug|iPhoneSimulator.Build.0 = Debug|iPhoneSimulator
		{B2BF1DA5-0250-4662-AEEA-4A344B34D0DE}.Debug|Mixed Platforms.ActiveCfg = Debug|iPhone
		{B2BF1DA5-0250-4662-AEEA-4A344B34D0DE}.Debug|Mixed Platforms.Build.0 = Debug|iPhone
		{B2BF1DA5-0250-4662-AEEA-4A344B34D0DE}.Debug|x86.ActiveCfg = Debug|iPhone
		{B2BF1DA5-0250-4662-AEEA-4A344B34D0DE}.Release|Any CPU.ActiveCfg = Release|iPhone
		{B2BF1DA5-0250-4662-AEEA-4A344B34D0DE}.Release|ARM.ActiveCfg = Release|iPhone
		{B2BF1DA5-0250-4662-AEEA-4A344B34D0DE}.Release|iPhone.ActiveCfg = Release|iPhone
		{B2BF1DA5-0250-4662-AEEA-4A344B34D0DE}.Release|iPhone.Build.0 = Release|iPhone
		{B2BF1DA5-0250-4662-AEEA-4A344B34D0DE}.Release|iPhoneSimulator.ActiveCfg = Release|iPhoneSimulator
		{B2BF1DA5-0250-4662-AEEA-4A344B34D0DE}.Release|iPhoneSimulator.Build.0 = Release|iPhoneSimulator
		{B2BF1DA5-0250-4662-AEEA-4A344B34D0DE}.Release|Mixed Platforms.ActiveCfg = Release|iPhone
		{B2BF1DA5-0250-4662-AEEA-4A344B34D0DE}.Release|Mixed Platforms.Build.0 = Release|iPhone
		{B2BF1DA5-0250-4662-AEEA-4A344B34D0DE}.Release|x86.ActiveCfg = Release|iPhone
		{C21DE1CA-61A5-495F-B92B-3628B67140AE}.Ad-Hoc|Any CPU.ActiveCfg = Release|Any CPU
		{C21DE1CA-61A5-495F-B92B-3628B67140AE}.Ad-Hoc|Any CPU.Build.0 = Release|Any CPU
		{C21DE1CA-61A5-495F-B92B-3628B67140AE}.Ad-Hoc|Any CPU.Deploy.0 = Release|Any CPU
		{C21DE1CA-61A5-495F-B92B-3628B67140AE}.Ad-Hoc|ARM.ActiveCfg = Release|ARM
		{C21DE1CA-61A5-495F-B92B-3628B67140AE}.Ad-Hoc|ARM.Build.0 = Release|ARM
		{C21DE1CA-61A5-495F-B92B-3628B67140AE}.Ad-Hoc|ARM.Deploy.0 = Release|ARM
		{C21DE1CA-61A5-495F-B92B-3628B67140AE}.Ad-Hoc|iPhone.ActiveCfg = Release|Any CPU
		{C21DE1CA-61A5-495F-B92B-3628B67140AE}.Ad-Hoc|iPhoneSimulator.ActiveCfg = Release|Any CPU
		{C21DE1CA-61A5-495F-B92B-3628B67140AE}.Ad-Hoc|Mixed Platforms.ActiveCfg = Release|x86
		{C21DE1CA-61A5-495F-B92B-3628B67140AE}.Ad-Hoc|Mixed Platforms.Build.0 = Release|x86
		{C21DE1CA-61A5-495F-B92B-3628B67140AE}.Ad-Hoc|Mixed Platforms.Deploy.0 = Release|x86
		{C21DE1CA-61A5-495F-B92B-3628B67140AE}.Ad-Hoc|x86.ActiveCfg = Release|x86
		{C21DE1CA-61A5-495F-B92B-3628B67140AE}.Ad-Hoc|x86.Build.0 = Release|x86
		{C21DE1CA-61A5-495F-B92B-3628B67140AE}.Ad-Hoc|x86.Deploy.0 = Release|x86
		{C21DE1CA-61A5-495F-B92B-3628B67140AE}.AppStore|Any CPU.ActiveCfg = Release|Any CPU
		{C21DE1CA-61A5-495F-B92B-3628B67140AE}.AppStore|Any CPU.Build.0 = Release|Any CPU
		{C21DE1CA-61A5-495F-B92B-3628B67140AE}.AppStore|Any CPU.Deploy.0 = Release|Any CPU
		{C21DE1CA-61A5-495F-B92B-3628B67140AE}.AppStore|ARM.ActiveCfg = Release|ARM
		{C21DE1CA-61A5-495F-B92B-3628B67140AE}.AppStore|ARM.Build.0 = Release|ARM
		{C21DE1CA-61A5-495F-B92B-3628B67140AE}.AppStore|ARM.Deploy.0 = Release|ARM
		{C21DE1CA-61A5-495F-B92B-3628B67140AE}.AppStore|iPhone.ActiveCfg = Release|Any CPU
		{C21DE1CA-61A5-495F-B92B-3628B67140AE}.AppStore|iPhoneSimulator.ActiveCfg = Release|Any CPU
		{C21DE1CA-61A5-495F-B92B-3628B67140AE}.AppStore|Mixed Platforms.ActiveCfg = Release|x86
		{C21DE1CA-61A5-495F-B92B-3628B67140AE}.AppStore|Mixed Platforms.Build.0 = Release|x86
		{C21DE1CA-61A5-495F-B92B-3628B67140AE}.AppStore|Mixed Platforms.Deploy.0 = Release|x86
		{C21DE1CA-61A5-495F-B92B-3628B67140AE}.AppStore|x86.ActiveCfg = Release|x86
		{C21DE1CA-61A5-495F-B92B-3628B67140AE}.AppStore|x86.Build.0 = Release|x86
		{C21DE1CA-61A5-495F-B92B-3628B67140AE}.AppStore|x86.Deploy.0 = Release|x86
		{C21DE1CA-61A5-495F-B92B-3628B67140AE}.Debug|Any CPU.ActiveCfg = Debug|Any CPU
		{C21DE1CA-61A5-495F-B92B-3628B67140AE}.Debug|Any CPU.Build.0 = Debug|Any CPU
		{C21DE1CA-61A5-495F-B92B-3628B67140AE}.Debug|Any CPU.Deploy.0 = Debug|Any CPU
		{C21DE1CA-61A5-495F-B92B-3628B67140AE}.Debug|ARM.ActiveCfg = Debug|ARM
		{C21DE1CA-61A5-495F-B92B-3628B67140AE}.Debug|ARM.Build.0 = Debug|ARM
		{C21DE1CA-61A5-495F-B92B-3628B67140AE}.Debug|ARM.Deploy.0 = Debug|ARM
		{C21DE1CA-61A5-495F-B92B-3628B67140AE}.Debug|iPhone.ActiveCfg = Debug|Any CPU
		{C21DE1CA-61A5-495F-B92B-3628B67140AE}.Debug|iPhoneSimulator.ActiveCfg = Debug|Any CPU
		{C21DE1CA-61A5-495F-B92B-3628B67140AE}.Debug|Mixed Platforms.ActiveCfg = Debug|x86
		{C21DE1CA-61A5-495F-B92B-3628B67140AE}.Debug|Mixed Platforms.Build.0 = Debug|x86
		{C21DE1CA-61A5-495F-B92B-3628B67140AE}.Debug|Mixed Platforms.Deploy.0 = Debug|x86
		{C21DE1CA-61A5-495F-B92B-3628B67140AE}.Debug|x86.ActiveCfg = Debug|x86
		{C21DE1CA-61A5-495F-B92B-3628B67140AE}.Debug|x86.Build.0 = Debug|x86
		{C21DE1CA-61A5-495F-B92B-3628B67140AE}.Debug|x86.Deploy.0 = Debug|x86
		{C21DE1CA-61A5-495F-B92B-3628B67140AE}.Release|Any CPU.ActiveCfg = Release|Any CPU
		{C21DE1CA-61A5-495F-B92B-3628B67140AE}.Release|Any CPU.Build.0 = Release|Any CPU
		{C21DE1CA-61A5-495F-B92B-3628B67140AE}.Release|Any CPU.Deploy.0 = Release|Any CPU
		{C21DE1CA-61A5-495F-B92B-3628B67140AE}.Release|ARM.ActiveCfg = Release|ARM
		{C21DE1CA-61A5-495F-B92B-3628B67140AE}.Release|ARM.Build.0 = Release|ARM
		{C21DE1CA-61A5-495F-B92B-3628B67140AE}.Release|ARM.Deploy.0 = Release|ARM
		{C21DE1CA-61A5-495F-B92B-3628B67140AE}.Release|iPhone.ActiveCfg = Release|Any CPU
		{C21DE1CA-61A5-495F-B92B-3628B67140AE}.Release|iPhoneSimulator.ActiveCfg = Release|Any CPU
		{C21DE1CA-61A5-495F-B92B-3628B67140AE}.Release|Mixed Platforms.ActiveCfg = Release|x86
		{C21DE1CA-61A5-495F-B92B-3628B67140AE}.Release|Mixed Platforms.Build.0 = Release|x86
		{C21DE1CA-61A5-495F-B92B-3628B67140AE}.Release|Mixed Platforms.Deploy.0 = Release|x86
		{C21DE1CA-61A5-495F-B92B-3628B67140AE}.Release|x86.ActiveCfg = Release|x86
		{C21DE1CA-61A5-495F-B92B-3628B67140AE}.Release|x86.Build.0 = Release|x86
		{C21DE1CA-61A5-495F-B92B-3628B67140AE}.Release|x86.Deploy.0 = Release|x86
		{65BD9E79-791B-40D0-99F6-A4491401B74F}.Ad-Hoc|Any CPU.ActiveCfg = Release|Any CPU
		{65BD9E79-791B-40D0-99F6-A4491401B74F}.Ad-Hoc|Any CPU.Build.0 = Release|Any CPU
		{65BD9E79-791B-40D0-99F6-A4491401B74F}.Ad-Hoc|ARM.ActiveCfg = Release|Any CPU
		{65BD9E79-791B-40D0-99F6-A4491401B74F}.Ad-Hoc|iPhone.ActiveCfg = Release|Any CPU
		{65BD9E79-791B-40D0-99F6-A4491401B74F}.Ad-Hoc|iPhone.Build.0 = Release|Any CPU
		{65BD9E79-791B-40D0-99F6-A4491401B74F}.Ad-Hoc|iPhoneSimulator.ActiveCfg = Release|Any CPU
		{65BD9E79-791B-40D0-99F6-A4491401B74F}.Ad-Hoc|iPhoneSimulator.Build.0 = Release|Any CPU
		{65BD9E79-791B-40D0-99F6-A4491401B74F}.Ad-Hoc|Mixed Platforms.ActiveCfg = Release|Any CPU
		{65BD9E79-791B-40D0-99F6-A4491401B74F}.Ad-Hoc|Mixed Platforms.Build.0 = Release|Any CPU
		{65BD9E79-791B-40D0-99F6-A4491401B74F}.Ad-Hoc|x86.ActiveCfg = Release|Any CPU
		{65BD9E79-791B-40D0-99F6-A4491401B74F}.AppStore|Any CPU.ActiveCfg = Release|Any CPU
		{65BD9E79-791B-40D0-99F6-A4491401B74F}.AppStore|Any CPU.Build.0 = Release|Any CPU
		{65BD9E79-791B-40D0-99F6-A4491401B74F}.AppStore|ARM.ActiveCfg = Release|Any CPU
		{65BD9E79-791B-40D0-99F6-A4491401B74F}.AppStore|iPhone.ActiveCfg = Release|Any CPU
		{65BD9E79-791B-40D0-99F6-A4491401B74F}.AppStore|iPhone.Build.0 = Release|Any CPU
		{65BD9E79-791B-40D0-99F6-A4491401B74F}.AppStore|iPhoneSimulator.ActiveCfg = Release|Any CPU
		{65BD9E79-791B-40D0-99F6-A4491401B74F}.AppStore|iPhoneSimulator.Build.0 = Release|Any CPU
		{65BD9E79-791B-40D0-99F6-A4491401B74F}.AppStore|Mixed Platforms.ActiveCfg = Release|Any CPU
		{65BD9E79-791B-40D0-99F6-A4491401B74F}.AppStore|Mixed Platforms.Build.0 = Release|Any CPU
		{65BD9E79-791B-40D0-99F6-A4491401B74F}.AppStore|x86.ActiveCfg = Release|Any CPU
		{65BD9E79-791B-40D0-99F6-A4491401B74F}.Debug|Any CPU.ActiveCfg = Debug|Any CPU
		{65BD9E79-791B-40D0-99F6-A4491401B74F}.Debug|Any CPU.Build.0 = Debug|Any CPU
		{65BD9E79-791B-40D0-99F6-A4491401B74F}.Debug|ARM.ActiveCfg = Debug|Any CPU
		{65BD9E79-791B-40D0-99F6-A4491401B74F}.Debug|iPhone.ActiveCfg = Debug|Any CPU
		{65BD9E79-791B-40D0-99F6-A4491401B74F}.Debug|iPhone.Build.0 = Debug|Any CPU
		{65BD9E79-791B-40D0-99F6-A4491401B74F}.Debug|iPhoneSimulator.ActiveCfg = Debug|Any CPU
		{65BD9E79-791B-40D0-99F6-A4491401B74F}.Debug|iPhoneSimulator.Build.0 = Debug|Any CPU
		{65BD9E79-791B-40D0-99F6-A4491401B74F}.Debug|Mixed Platforms.ActiveCfg = Debug|Any CPU
		{65BD9E79-791B-40D0-99F6-A4491401B74F}.Debug|Mixed Platforms.Build.0 = Debug|Any CPU
		{65BD9E79-791B-40D0-99F6-A4491401B74F}.Debug|x86.ActiveCfg = Debug|Any CPU
		{65BD9E79-791B-40D0-99F6-A4491401B74F}.Release|Any CPU.ActiveCfg = Release|Any CPU
		{65BD9E79-791B-40D0-99F6-A4491401B74F}.Release|Any CPU.Build.0 = Release|Any CPU
		{65BD9E79-791B-40D0-99F6-A4491401B74F}.Release|ARM.ActiveCfg = Release|Any CPU
		{65BD9E79-791B-40D0-99F6-A4491401B74F}.Release|iPhone.ActiveCfg = Release|Any CPU
		{65BD9E79-791B-40D0-99F6-A4491401B74F}.Release|iPhone.Build.0 = Release|Any CPU
		{65BD9E79-791B-40D0-99F6-A4491401B74F}.Release|iPhoneSimulator.ActiveCfg = Release|Any CPU
		{65BD9E79-791B-40D0-99F6-A4491401B74F}.Release|iPhoneSimulator.Build.0 = Release|Any CPU
		{65BD9E79-791B-40D0-99F6-A4491401B74F}.Release|Mixed Platforms.ActiveCfg = Release|Any CPU
		{65BD9E79-791B-40D0-99F6-A4491401B74F}.Release|Mixed Platforms.Build.0 = Release|Any CPU
		{65BD9E79-791B-40D0-99F6-A4491401B74F}.Release|x86.ActiveCfg = Release|Any CPU
	EndGlobalSection
	GlobalSection(SolutionProperties) = preSolution
		HideSolutionNode = FALSE
	EndGlobalSection
EndGlobal
